
Microsoft Visual Studio Solution File, Format Version 12.00
# Visual Studio Version 16
VisualStudioVersion = 16.0.30503.244
MinimumVisualStudioVersion = 10.0.40219.1
Project("{FAE04EC0-301F-11D3-BF4B-00C04F79EFBC}") = "CabInvoiceGeneratorProgram", "CabInvoiceGeneratorProgram\CabInvoiceGeneratorProgram.csproj", "{557B1647-B1D6-434B-A196-EAF1797E2E86}"
EndProject
Project("{FAE04EC0-301F-11D3-BF4B-00C04F79EFBC}") = "CabInvoiceGeneratorTest", "CabInvoiceGeneratorTest\CabInvoiceGeneratorTest.csproj", "{A8522ABD-B3F4-4988-8E60-8BC315F57F7E}"
EndProject
Global
	GlobalSection(SolutionConfigurationPlatforms) = preSolution
		Debug|Any CPU = Debug|Any CPU
		Release|Any CPU = Release|Any CPU
	EndGlobalSection
	GlobalSection(ProjectConfigurationPlatforms) = postSolution
		{557B1647-B1D6-434B-A196-EAF1797E2E86}.Debug|Any CPU.ActiveCfg = Debug|Any CPU
		{557B1647-B1D6-434B-A196-EAF1797E2E86}.Debug|Any CPU.Build.0 = Debug|Any CPU
		{557B1647-B1D6-434B-A196-EAF1797E2E86}.Release|Any CPU.ActiveCfg = Release|Any CPU
		{557B1647-B1D6-434B-A196-EAF1797E2E86}.Release|Any CPU.Build.0 = Release|Any CPU
		{A8522ABD-B3F4-4988-8E60-8BC315F57F7E}.Debug|Any CPU.ActiveCfg = Debug|Any CPU
		{A8522ABD-B3F4-4988-8E60-8BC315F57F7E}.Debug|Any CPU.Build.0 = Debug|Any CPU
		{A8522ABD-B3F4-4988-8E60-8BC315F57F7E}.Release|Any CPU.ActiveCfg = Release|Any CPU
		{A8522ABD-B3F4-4988-8E60-8BC315F57F7E}.Release|Any CPU.Build.0 = Release|Any CPU
	EndGlobalSection
	GlobalSection(SolutionProperties) = preSolution
		HideSolutionNode = FALSE
	EndGlobalSection
	GlobalSection(ExtensibilityGlobals) = postSolution
		SolutionGuid = {6FF1CF0E-165B-424F-9121-3292B548A107}
	EndGlobalSection
EndGlobal
